
Microsoft Visual Studio Solution File, Format Version 12.00
# Visual Studio Version 16
VisualStudioVersion = 16.0.30717.126
MinimumVisualStudioVersion = 10.0.40219.1
Project("{FAE04EC0-301F-11D3-BF4B-00C04F79EFBC}") = "src", "src\tabbR.csproj", "{BBE91E61-3FFB-4EAC-A372-24F74C045424}"
EndProject
Global
	GlobalSection(SolutionConfigurationPlatforms) = preSolution
		Debug|Any CPU = Debug|Any CPU
		Release|Any CPU = Release|Any CPU
	EndGlobalSection
	GlobalSection(ProjectConfigurationPlatforms) = postSolution
		{BBE91E61-3FFB-4EAC-A372-24F74C045424}.Debug|Any CPU.ActiveCfg = Debug|Any CPU
		{BBE91E61-3FFB-4EAC-A372-24F74C045424}.Debug|Any CPU.Build.0 = Debug|Any CPU
		{BBE91E61-3FFB-4EAC-A372-24F74C045424}.Release|Any CPU.ActiveCfg = Release|Any CPU
		{BBE91E61-3FFB-4EAC-A372-24F74C045424}.Release|Any CPU.Build.0 = Release|Any CPU
	EndGlobalSection
	GlobalSection(SolutionProperties) = preSolution
		HideSolutionNode = FALSE
	EndGlobalSection
	GlobalSection(ExtensibilityGlobals) = postSolution
		SolutionGuid = {520D4717-70DD-49D3-83AE-D777E101C835}
	EndGlobalSection
EndGlobal
